
Microsoft Visual Studio Solution File, Format Version 12.00
# Visual Studio 15
VisualStudioVersion = 15.0.28307.421
MinimumVisualStudioVersion = 10.0.40219.1
Project("{8BC9CEB8-8B4A-11D0-8D11-00A0C91BC942}") = "文件读写1", "文件读写1\文件读写1.vcxproj", "{387EAB2C-FA2D-44F3-BA00-609BC9A52D8E}"
EndProject
Global
	GlobalSection(SolutionConfigurationPlatforms) = preSolution
		Debug|x64 = Debug|x64
		Debug|x86 = Debug|x86
		Release|x64 = Release|x64
		Release|x86 = Release|x86
	EndGlobalSection
	GlobalSection(ProjectConfigurationPlatforms) = postSolution
		{387EAB2C-FA2D-44F3-BA00-609BC9A52D8E}.Debug|x64.ActiveCfg = Debug|x64
		{387EAB2C-FA2D-44F3-BA00-609BC9A52D8E}.Debug|x64.Build.0 = Debug|x64
		{387EAB2C-FA2D-44F3-BA00-609BC9A52D8E}.Debug|x86.ActiveCfg = Debug|Win32
		{387EAB2C-FA2D-44F3-BA00-609BC9A52D8E}.Debug|x86.Build.0 = Debug|Win32
		{387EAB2C-FA2D-44F3-BA00-609BC9A52D8E}.Release|x64.ActiveCfg = Release|x64
		{387EAB2C-FA2D-44F3-BA00-609BC9A52D8E}.Release|x64.Build.0 = Release|x64
		{387EAB2C-FA2D-44F3-BA00-609BC9A52D8E}.Release|x86.ActiveCfg = Release|Win32
		{387EAB2C-FA2D-44F3-BA00-609BC9A52D8E}.Release|x86.Build.0 = Release|Win32
	EndGlobalSection
	GlobalSection(SolutionProperties) = preSolution
		HideSolutionNode = FALSE
	EndGlobalSection
	GlobalSection(ExtensibilityGlobals) = postSolution
		SolutionGuid = {3D14BD01-72EC-43B9-99C0-C618BA1ACDE3}
	EndGlobalSection
EndGlobal
